
Microsoft Visual Studio Solution File, Format Version 12.00
# Visual Studio 14
VisualStudioVersion = 14.0.25420.1
MinimumVisualStudioVersion = 10.0.40219.1
Project("{2150E333-8FDC-42A3-9474-1A3956D46DE8}") = "src", "src", "{7ABFD96D-B63B-4289-8266-EB47BA86E1A0}"
EndProject
Project("{2150E333-8FDC-42A3-9474-1A3956D46DE8}") = "Solution Items", "Solution Items", "{DA788E20-9CE0-448B-8308-09C228BA4134}"
	ProjectSection(SolutionItems) = preProject
		global.json = global.json
	EndProjectSection
EndProject
Project("{8BB2217D-0F2D-49D1-97BC-3654ED321F3B}") = "Ant", "src\Ant\Ant.xproj", "{0EE74E52-3236-4000-8DC5-A50B097B2CDA}"
EndProject
Project("{8BB2217D-0F2D-49D1-97BC-3654ED321F3B}") = "Model", "src\Model\Model.xproj", "{AF607758-7D1B-49D7-B546-1347F97E9DFF}"
EndProject
Project("{8BB2217D-0F2D-49D1-97BC-3654ED321F3B}") = "Contracts", "src\Contracts\Contracts.xproj", "{53300CD0-3611-42B1-BAF9-D18C511BBDE1}"
EndProject
Project("{2150E333-8FDC-42A3-9474-1A3956D46DE8}") = "test", "test", "{B80689B6-ACBD-4489-B057-77802C7B513F}"
EndProject
Project("{8BB2217D-0F2D-49D1-97BC-3654ED321F3B}") = "EntityFrameworkRepository", "src\EntityFrameworkRepository\EntityFrameworkRepository.xproj", "{8E36338C-A30A-4372-8F7E-B4A8111DE381}"
EndProject
Project("{FAE04EC0-301F-11D3-BF4B-00C04F79EFBC}") = "ClassicTests", "test\ClassicTests\ClassicTests.csproj", "{BB2B936F-C994-43C9-B5B0-5BC41348D753}"
	ProjectSection(ProjectDependencies) = postProject
		{0EE74E52-3236-4000-8DC5-A50B097B2CDA} = {0EE74E52-3236-4000-8DC5-A50B097B2CDA}
		{AF607758-7D1B-49D7-B546-1347F97E9DFF} = {AF607758-7D1B-49D7-B546-1347F97E9DFF}
		{8E36338C-A30A-4372-8F7E-B4A8111DE381} = {8E36338C-A30A-4372-8F7E-B4A8111DE381}
		{53300CD0-3611-42B1-BAF9-D18C511BBDE1} = {53300CD0-3611-42B1-BAF9-D18C511BBDE1}
	EndProjectSection
EndProject
Project("{8BB2217D-0F2D-49D1-97BC-3654ED321F3B}") = "Services", "src\Services\Services.xproj", "{966843D0-3EB1-4E2B-AF95-43846F71F312}"
EndProject
Global
	GlobalSection(SolutionConfigurationPlatforms) = preSolution
		Debug|Any CPU = Debug|Any CPU
		Release|Any CPU = Release|Any CPU
	EndGlobalSection
	GlobalSection(ProjectConfigurationPlatforms) = postSolution
		{0EE74E52-3236-4000-8DC5-A50B097B2CDA}.Debug|Any CPU.ActiveCfg = Debug|Any CPU
		{0EE74E52-3236-4000-8DC5-A50B097B2CDA}.Debug|Any CPU.Build.0 = Debug|Any CPU
		{0EE74E52-3236-4000-8DC5-A50B097B2CDA}.Release|Any CPU.ActiveCfg = Release|Any CPU
		{0EE74E52-3236-4000-8DC5-A50B097B2CDA}.Release|Any CPU.Build.0 = Release|Any CPU
		{AF607758-7D1B-49D7-B546-1347F97E9DFF}.Debug|Any CPU.ActiveCfg = Debug|Any CPU
		{AF607758-7D1B-49D7-B546-1347F97E9DFF}.Debug|Any CPU.Build.0 = Debug|Any CPU
		{AF607758-7D1B-49D7-B546-1347F97E9DFF}.Release|Any CPU.ActiveCfg = Release|Any CPU
		{AF607758-7D1B-49D7-B546-1347F97E9DFF}.Release|Any CPU.Build.0 = Release|Any CPU
		{53300CD0-3611-42B1-BAF9-D18C511BBDE1}.Debug|Any CPU.ActiveCfg = Debug|Any CPU
		{53300CD0-3611-42B1-BAF9-D18C511BBDE1}.Debug|Any CPU.Build.0 = Debug|Any CPU
		{53300CD0-3611-42B1-BAF9-D18C511BBDE1}.Release|Any CPU.ActiveCfg = Release|Any CPU
		{53300CD0-3611-42B1-BAF9-D18C511BBDE1}.Release|Any CPU.Build.0 = Release|Any CPU
		{8E36338C-A30A-4372-8F7E-B4A8111DE381}.Debug|Any CPU.ActiveCfg = Debug|Any CPU
		{8E36338C-A30A-4372-8F7E-B4A8111DE381}.Debug|Any CPU.Build.0 = Debug|Any CPU
		{8E36338C-A30A-4372-8F7E-B4A8111DE381}.Release|Any CPU.ActiveCfg = Release|Any CPU
		{8E36338C-A30A-4372-8F7E-B4A8111DE381}.Release|Any CPU.Build.0 = Release|Any CPU
		{BB2B936F-C994-43C9-B5B0-5BC41348D753}.Debug|Any CPU.ActiveCfg = Debug|Any CPU
		{BB2B936F-C994-43C9-B5B0-5BC41348D753}.Debug|Any CPU.Build.0 = Debug|Any CPU
		{BB2B936F-C994-43C9-B5B0-5BC41348D753}.Release|Any CPU.ActiveCfg = Release|Any CPU
		{BB2B936F-C994-43C9-B5B0-5BC41348D753}.Release|Any CPU.Build.0 = Release|Any CPU
		{966843D0-3EB1-4E2B-AF95-43846F71F312}.Debug|Any CPU.ActiveCfg = Debug|Any CPU
		{966843D0-3EB1-4E2B-AF95-43846F71F312}.Debug|Any CPU.Build.0 = Debug|Any CPU
		{966843D0-3EB1-4E2B-AF95-43846F71F312}.Release|Any CPU.ActiveCfg = Release|Any CPU
		{966843D0-3EB1-4E2B-AF95-43846F71F312}.Release|Any CPU.Build.0 = Release|Any CPU
	EndGlobalSection
	GlobalSection(SolutionProperties) = preSolution
		HideSolutionNode = FALSE
	EndGlobalSection
	GlobalSection(NestedProjects) = preSolution
		{0EE74E52-3236-4000-8DC5-A50B097B2CDA} = {7ABFD96D-B63B-4289-8266-EB47BA86E1A0}
		{AF607758-7D1B-49D7-B546-1347F97E9DFF} = {7ABFD96D-B63B-4289-8266-EB47BA86E1A0}
		{53300CD0-3611-42B1-BAF9-D18C511BBDE1} = {7ABFD96D-B63B-4289-8266-EB47BA86E1A0}
		{8E36338C-A30A-4372-8F7E-B4A8111DE381} = {7ABFD96D-B63B-4289-8266-EB47BA86E1A0}
		{BB2B936F-C994-43C9-B5B0-5BC41348D753} = {B80689B6-ACBD-4489-B057-77802C7B513F}
		{966843D0-3EB1-4E2B-AF95-43846F71F312} = {7ABFD96D-B63B-4289-8266-EB47BA86E1A0}
	EndGlobalSection
EndGlobal
